
Microsoft Visual Studio Solution File, Format Version 12.00
# Visual Studio Version 17
VisualStudioVersion = 17.13.35828.75
MinimumVisualStudioVersion = 10.0.40219.1
Project("{2150E333-8FDC-42A3-9474-1A3956D46DE8}") = "src", "src", "{02EA681E-C7D8-13C7-8484-4AC65E1B71E8}"
EndProject
Project("{FAE04EC0-301F-11D3-BF4B-00C04F79EFBC}") = "Visions.API", "src\Visions.API\Visions.API.csproj", "{014788A9-31B0-4EEA-9A17-F43A6F90C404}"
EndProject
Project("{FAE04EC0-301F-11D3-BF4B-00C04F79EFBC}") = "Visions.Application", "src\Visions.Application\Visions.Application.csproj", "{97420CDA-F55B-44BF-A2FD-93DABE3BFA44}"
EndProject
Project("{FAE04EC0-301F-11D3-BF4B-00C04F79EFBC}") = "Visions.Domain", "src\Visions.Domain\Visions.Domain.csproj", "{76DF9448-1ABF-4DF9-8BCC-8C89D10A603E}"
EndProject
Project("{FAE04EC0-301F-11D3-BF4B-00C04F79EFBC}") = "Visions.Infrastructure", "src\Visions.Infrastructure\Visions.Infrastructure.csproj", "{E613936B-622A-4467-81C8-1210835C17AA}"
EndProject
Global
	GlobalSection(SolutionConfigurationPlatforms) = preSolution
		Debug|Any CPU = Debug|Any CPU
		Release|Any CPU = Release|Any CPU
	EndGlobalSection
	GlobalSection(ProjectConfigurationPlatforms) = postSolution
		{014788A9-31B0-4EEA-9A17-F43A6F90C404}.Debug|Any CPU.ActiveCfg = Debug|Any CPU
		{014788A9-31B0-4EEA-9A17-F43A6F90C404}.Debug|Any CPU.Build.0 = Debug|Any CPU
		{014788A9-31B0-4EEA-9A17-F43A6F90C404}.Release|Any CPU.ActiveCfg = Release|Any CPU
		{014788A9-31B0-4EEA-9A17-F43A6F90C404}.Release|Any CPU.Build.0 = Release|Any CPU
		{97420CDA-F55B-44BF-A2FD-93DABE3BFA44}.Debug|Any CPU.ActiveCfg = Debug|Any CPU
		{97420CDA-F55B-44BF-A2FD-93DABE3BFA44}.Debug|Any CPU.Build.0 = Debug|Any CPU
		{97420CDA-F55B-44BF-A2FD-93DABE3BFA44}.Release|Any CPU.ActiveCfg = Release|Any CPU
		{97420CDA-F55B-44BF-A2FD-93DABE3BFA44}.Release|Any CPU.Build.0 = Release|Any CPU
		{76DF9448-1ABF-4DF9-8BCC-8C89D10A603E}.Debug|Any CPU.ActiveCfg = Debug|Any CPU
		{76DF9448-1ABF-4DF9-8BCC-8C89D10A603E}.Debug|Any CPU.Build.0 = Debug|Any CPU
		{76DF9448-1ABF-4DF9-8BCC-8C89D10A603E}.Release|Any CPU.ActiveCfg = Release|Any CPU
		{76DF9448-1ABF-4DF9-8BCC-8C89D10A603E}.Release|Any CPU.Build.0 = Release|Any CPU
		{E613936B-622A-4467-81C8-1210835C17AA}.Debug|Any CPU.ActiveCfg = Debug|Any CPU
		{E613936B-622A-4467-81C8-1210835C17AA}.Debug|Any CPU.Build.0 = Debug|Any CPU
		{E613936B-622A-4467-81C8-1210835C17AA}.Release|Any CPU.ActiveCfg = Release|Any CPU
		{E613936B-622A-4467-81C8-1210835C17AA}.Release|Any CPU.Build.0 = Release|Any CPU
	EndGlobalSection
	GlobalSection(SolutionProperties) = preSolution
		HideSolutionNode = FALSE
	EndGlobalSection
	GlobalSection(NestedProjects) = preSolution
		{014788A9-31B0-4EEA-9A17-F43A6F90C404} = {02EA681E-C7D8-13C7-8484-4AC65E1B71E8}
		{97420CDA-F55B-44BF-A2FD-93DABE3BFA44} = {02EA681E-C7D8-13C7-8484-4AC65E1B71E8}
		{76DF9448-1ABF-4DF9-8BCC-8C89D10A603E} = {02EA681E-C7D8-13C7-8484-4AC65E1B71E8}
		{E613936B-622A-4467-81C8-1210835C17AA} = {02EA681E-C7D8-13C7-8484-4AC65E1B71E8}
	EndGlobalSection
	GlobalSection(ExtensibilityGlobals) = postSolution
		SolutionGuid = {27795E59-578C-48CC-B8A7-1C7F876C29BF}
	EndGlobalSection
EndGlobal
